
Microsoft Visual Studio Solution File, Format Version 12.00
# Visual Studio Version 17
VisualStudioVersion = 17.7.34031.279
MinimumVisualStudioVersion = 10.0.40219.1
Project("{FAE04EC0-301F-11D3-BF4B-00C04F79EFBC}") = "SistemaVentas.Dal", "SistemaVentas.Dal\SistemaVentas.Dal.csproj", "{86E25728-EFC4-4212-8FFF-8EA9B4144A31}"
EndProject
Project("{FAE04EC0-301F-11D3-BF4B-00C04F79EFBC}") = "SistemaVentasBss", "SistemaVentasBss\SistemaVentasBss.csproj", "{7AA485A5-3DC8-432A-B163-621B1FCFBAA1}"
EndProject
Project("{FAE04EC0-301F-11D3-BF4B-00C04F79EFBC}") = "SistemaVentas.Modelos", "SistemaVentas.Modelos\SistemaVentas.Modelos.csproj", "{39BD6B28-B828-43EF-9985-B5EE1F367AF4}"
EndProject
Project("{FAE04EC0-301F-11D3-BF4B-00C04F79EFBC}") = "SistemaVentas.Vista", "SistemaVentas.Vista\SistemaVentas.Vista.csproj", "{0A966C1B-09AB-499E-A1BB-46D23D152A59}"
EndProject
Global
	GlobalSection(SolutionConfigurationPlatforms) = preSolution
		Debug|Any CPU = Debug|Any CPU
		Release|Any CPU = Release|Any CPU
	EndGlobalSection
	GlobalSection(ProjectConfigurationPlatforms) = postSolution
		{86E25728-EFC4-4212-8FFF-8EA9B4144A31}.Debug|Any CPU.ActiveCfg = Debug|Any CPU
		{86E25728-EFC4-4212-8FFF-8EA9B4144A31}.Debug|Any CPU.Build.0 = Debug|Any CPU
		{86E25728-EFC4-4212-8FFF-8EA9B4144A31}.Release|Any CPU.ActiveCfg = Release|Any CPU
		{86E25728-EFC4-4212-8FFF-8EA9B4144A31}.Release|Any CPU.Build.0 = Release|Any CPU
		{7AA485A5-3DC8-432A-B163-621B1FCFBAA1}.Debug|Any CPU.ActiveCfg = Debug|Any CPU
		{7AA485A5-3DC8-432A-B163-621B1FCFBAA1}.Debug|Any CPU.Build.0 = Debug|Any CPU
		{7AA485A5-3DC8-432A-B163-621B1FCFBAA1}.Release|Any CPU.ActiveCfg = Release|Any CPU
		{7AA485A5-3DC8-432A-B163-621B1FCFBAA1}.Release|Any CPU.Build.0 = Release|Any CPU
		{39BD6B28-B828-43EF-9985-B5EE1F367AF4}.Debug|Any CPU.ActiveCfg = Debug|Any CPU
		{39BD6B28-B828-43EF-9985-B5EE1F367AF4}.Debug|Any CPU.Build.0 = Debug|Any CPU
		{39BD6B28-B828-43EF-9985-B5EE1F367AF4}.Release|Any CPU.ActiveCfg = Release|Any CPU
		{39BD6B28-B828-43EF-9985-B5EE1F367AF4}.Release|Any CPU.Build.0 = Release|Any CPU
		{0A966C1B-09AB-499E-A1BB-46D23D152A59}.Debug|Any CPU.ActiveCfg = Debug|Any CPU
		{0A966C1B-09AB-499E-A1BB-46D23D152A59}.Debug|Any CPU.Build.0 = Debug|Any CPU
		{0A966C1B-09AB-499E-A1BB-46D23D152A59}.Release|Any CPU.ActiveCfg = Release|Any CPU
		{0A966C1B-09AB-499E-A1BB-46D23D152A59}.Release|Any CPU.Build.0 = Release|Any CPU
	EndGlobalSection
	GlobalSection(SolutionProperties) = preSolution
		HideSolutionNode = FALSE
	EndGlobalSection
	GlobalSection(ExtensibilityGlobals) = postSolution
		SolutionGuid = {FB0BA347-A042-4483-A3A5-DAB14FAC0570}
	EndGlobalSection
EndGlobal
